
Microsoft Visual Studio Solution File, Format Version 12.00
# Visual Studio Version 16
VisualStudioVersion = 16.0.31129.286
MinimumVisualStudioVersion = 10.0.40219.1
Project("{FAE04EC0-301F-11D3-BF4B-00C04F79EFBC}") = "QuizConsoleApp", "QuizConsoleApp\QuizConsoleApp.csproj", "{D13B37C1-0DE8-468E-B585-D8EE0FB424EE}"
EndProject
Global
	GlobalSection(SolutionConfigurationPlatforms) = preSolution
		Debug|Any CPU = Debug|Any CPU
		Release|Any CPU = Release|Any CPU
	EndGlobalSection
	GlobalSection(ProjectConfigurationPlatforms) = postSolution
		{D13B37C1-0DE8-468E-B585-D8EE0FB424EE}.Debug|Any CPU.ActiveCfg = Debug|Any CPU
		{D13B37C1-0DE8-468E-B585-D8EE0FB424EE}.Debug|Any CPU.Build.0 = Debug|Any CPU
		{D13B37C1-0DE8-468E-B585-D8EE0FB424EE}.Release|Any CPU.ActiveCfg = Release|Any CPU
		{D13B37C1-0DE8-468E-B585-D8EE0FB424EE}.Release|Any CPU.Build.0 = Release|Any CPU
	EndGlobalSection
	GlobalSection(SolutionProperties) = preSolution
		HideSolutionNode = FALSE
	EndGlobalSection
	GlobalSection(ExtensibilityGlobals) = postSolution
		SolutionGuid = {BE881C76-9FFB-4298-B49B-A25451490923}
	EndGlobalSection
EndGlobal
