
Microsoft Visual Studio Solution File, Format Version 12.00
# Visual Studio Version 16
VisualStudioVersion = 16.0.31205.134
MinimumVisualStudioVersion = 10.0.40219.1
Project("{FAE04EC0-301F-11D3-BF4B-00C04F79EFBC}") = "TrexQuizRunner", "TrexQuizRunner\TrexQuizRunner.csproj", "{A20FA339-3110-4E91-934E-56D166FCE2B7}"
EndProject
Global
	GlobalSection(SolutionConfigurationPlatforms) = preSolution
		Debug|Any CPU = Debug|Any CPU
		Release|Any CPU = Release|Any CPU
	EndGlobalSection
	GlobalSection(ProjectConfigurationPlatforms) = postSolution
		{A20FA339-3110-4E91-934E-56D166FCE2B7}.Debug|Any CPU.ActiveCfg = Debug|Any CPU
		{A20FA339-3110-4E91-934E-56D166FCE2B7}.Debug|Any CPU.Build.0 = Debug|Any CPU
		{A20FA339-3110-4E91-934E-56D166FCE2B7}.Release|Any CPU.ActiveCfg = Release|Any CPU
		{A20FA339-3110-4E91-934E-56D166FCE2B7}.Release|Any CPU.Build.0 = Release|Any CPU
	EndGlobalSection
	GlobalSection(SolutionProperties) = preSolution
		HideSolutionNode = FALSE
	EndGlobalSection
	GlobalSection(ExtensibilityGlobals) = postSolution
		SolutionGuid = {39B35670-A1AA-4A4C-B73E-36CB99AF890C}
	EndGlobalSection
EndGlobal
