
Microsoft Visual Studio Solution File, Format Version 12.00
# Visual Studio Version 16
VisualStudioVersion = 16.0.31205.134
MinimumVisualStudioVersion = 10.0.40219.1
Project("{FAE04EC0-301F-11D3-BF4B-00C04F79EFBC}") = "QuizWindowsForm", "QuizWindowsForm\QuizWindowsForm.csproj", "{C56831C3-BACA-4AC3-A654-D5A88B662F38}"
EndProject
Global
	GlobalSection(SolutionConfigurationPlatforms) = preSolution
		Debug|Any CPU = Debug|Any CPU
		Release|Any CPU = Release|Any CPU
	EndGlobalSection
	GlobalSection(ProjectConfigurationPlatforms) = postSolution
		{C56831C3-BACA-4AC3-A654-D5A88B662F38}.Debug|Any CPU.ActiveCfg = Debug|Any CPU
		{C56831C3-BACA-4AC3-A654-D5A88B662F38}.Debug|Any CPU.Build.0 = Debug|Any CPU
		{C56831C3-BACA-4AC3-A654-D5A88B662F38}.Release|Any CPU.ActiveCfg = Release|Any CPU
		{C56831C3-BACA-4AC3-A654-D5A88B662F38}.Release|Any CPU.Build.0 = Release|Any CPU
	EndGlobalSection
	GlobalSection(SolutionProperties) = preSolution
		HideSolutionNode = FALSE
	EndGlobalSection
	GlobalSection(ExtensibilityGlobals) = postSolution
		SolutionGuid = {4C0D12CD-9980-4409-9A04-E4391C5A1308}
	EndGlobalSection
EndGlobal
